
Microsoft Visual Studio Solution File, Format Version 12.00
# Visual Studio 2015
Project("{FAE04EC0-301F-11D3-BF4B-00C04F79EFBC}") = "UnderstandingPhoton.CSharp.Plugins", "UnderstandingPhoton.CSharp.Plugins.csproj", "{40BB4D1C-C520-38FC-356E-FA4D488CF97B}"
EndProject
Project("{FAE04EC0-301F-11D3-BF4B-00C04F79EFBC}") = "UnderstandingPhoton.CSharp", "UnderstandingPhoton.CSharp.csproj", "{2023963C-E211-9BFE-C2BD-C67BECDFDB3D}"
EndProject
Project("{FAE04EC0-301F-11D3-BF4B-00C04F79EFBC}") = "UnderstandingPhoton.CSharp.Editor", "UnderstandingPhoton.CSharp.Editor.csproj", "{59044AE7-5D2F-16AE-4041-674FF71C33A7}"
EndProject
Global
	GlobalSection(SolutionConfigurationPlatforms) = preSolution
		Debug|Any CPU = Debug|Any CPU
		Release|Any CPU = Release|Any CPU
	EndGlobalSection
	GlobalSection(ProjectConfigurationPlatforms) = postSolution
		{40BB4D1C-C520-38FC-356E-FA4D488CF97B}.Debug|Any CPU.ActiveCfg = Debug|Any CPU
		{40BB4D1C-C520-38FC-356E-FA4D488CF97B}.Debug|Any CPU.Build.0 = Debug|Any CPU
		{40BB4D1C-C520-38FC-356E-FA4D488CF97B}.Release|Any CPU.ActiveCfg = Release|Any CPU
		{40BB4D1C-C520-38FC-356E-FA4D488CF97B}.Release|Any CPU.Build.0 = Release|Any CPU
		{2023963C-E211-9BFE-C2BD-C67BECDFDB3D}.Debug|Any CPU.ActiveCfg = Debug|Any CPU
		{2023963C-E211-9BFE-C2BD-C67BECDFDB3D}.Debug|Any CPU.Build.0 = Debug|Any CPU
		{2023963C-E211-9BFE-C2BD-C67BECDFDB3D}.Release|Any CPU.ActiveCfg = Release|Any CPU
		{2023963C-E211-9BFE-C2BD-C67BECDFDB3D}.Release|Any CPU.Build.0 = Release|Any CPU
		{59044AE7-5D2F-16AE-4041-674FF71C33A7}.Debug|Any CPU.ActiveCfg = Debug|Any CPU
		{59044AE7-5D2F-16AE-4041-674FF71C33A7}.Debug|Any CPU.Build.0 = Debug|Any CPU
		{59044AE7-5D2F-16AE-4041-674FF71C33A7}.Release|Any CPU.ActiveCfg = Release|Any CPU
		{59044AE7-5D2F-16AE-4041-674FF71C33A7}.Release|Any CPU.Build.0 = Release|Any CPU
	EndGlobalSection
	GlobalSection(SolutionProperties) = preSolution
		HideSolutionNode = FALSE
	EndGlobalSection
EndGlobal
